// !$*UTF8*$!
{
	archiveVersion = 1;
	classes = {
	};
	objectVersion = 46;
	objects = {

/* Begin PBXBuildFile section */
		28926A931A52422A0017345D /* main.m in Sources */ = {isa = PBXBuildFile; fileRef = 28926A921A52422A0017345D /* main.m */; };
		28926A961A52422A0017345D /* AppDelegate.m in Sources */ = {isa = PBXBuildFile; fileRef = 28926A951A52422A0017345D /* AppDelegate.m */; };
		28926A991A52422A0017345D /* ViewController.m in Sources */ = {isa = PBXBuildFile; fileRef = 28926A981A52422A0017345D /* ViewController.m */; };
		28926A9E1A52422A0017345D /* Images.xcassets in Resources */ = {isa = PBXBuildFile; fileRef = 28926A9D1A52422A0017345D /* Images.xcassets */; };
		28926AAD1A52422A0017345D /* SlideMenuTests.m in Sources */ = {isa = PBXBuildFile; fileRef = 28926AAC1A52422A0017345D /* SlideMenuTests.m */; };
/* End PBXBuildFile section */

/* Begin PBXContainerItemProxy section */
		28926AA71A52422A0017345D /* PBXContainerItemProxy */ = {
			isa = PBXContainerItemProxy;
			containerPortal = 28926A851A52422A0017345D /* Project object */;
			proxyType = 1;
			remoteGlobalIDString = 28926A8C1A52422A0017345D;
			remoteInfo = SlideMenu;
		};
/* End PBXContainerItemProxy section */

/* Begin PBXFileReference section */
		28926A8D1A52422A0017345D /* SlideMenu.app */ = {isa = PBXFileReference; explicitFileType = wrapper.application; includeInIndex = 0; path = SlideMenu.app; sourceTree = BUILT_PRODUCTS_DIR; };
		28926A911A52422A0017345D /* Info.plist */ = {isa = PBXFileReference; lastKnownFileType = text.plist.xml; path = Info.plist; sourceTree = "<group>"; };
		28926A921A52422A0017345D /* main.m */ = {isa = PBXFileReference; lastKnownFileType = sourcecode.c.objc; path = main.m; sourceTree = "<group>"; };
		28926A941A52422A0017345D /* AppDelegate.h */ = {isa = PBXFileReference; lastKnownFileType = sourcecode.c.h; path = AppDelegate.h; sourceTree = "<group>"; };
		28926A951A52422A0017345D /* AppDelegate.m */ = {isa = PBXFileReference; lastKnownFileType = sourcecode.c.objc; path = AppDelegate.m; sourceTree = "<group>"; };
		28926A971A52422A0017345D /* ViewController.h */ = {isa = PBXFileReference; lastKnownFileType = sourcecode.c.h; path = ViewController.h; sourceTree = "<group>"; };
		28926A981A52422A0017345D /* ViewController.m */ = {isa = PBXFileReference; lastKnownFileType = sourcecode.c.objc; path = ViewController.m; sourceTree = "<group>"; };
		28926A9D1A52422A0017345D /* Images.xcassets */ = {isa = PBXFileReference; lastKnownFileType = folder.assetcatalog; path = Images.xcassets; sourceTree = "<group>"; };
		28926AA61A52422A0017345D /* SlideMenuTests.xctest */ = {isa = PBXFileReference; explicitFileType = wrapper.cfbundle; includeInIndex = 0; path = SlideMenuTests.xctest; sourceTree = BUILT_PRODUCTS_DIR; };
		28926AAB1A52422A0017345D /* Info.plist */ = {isa = PBXFileReference; lastKnownFileType = text.plist.xml; path = Info.plist; sourceTree = "<group>"; };
		28926AAC1A52422A0017345D /* SlideMenuTests.m */ = {isa = PBXFileReference; lastKnownFileType = sourcecode.c.objc; path = SlideMenuTests.m; sourceTree = "<group>"; };
/* End PBXFileReference section */

/* Begin PBXFrameworksBuildPhase section */
		28926A8A1A52422A0017345D /* Frameworks */ = {
			isa = PBXFrameworksBuildPhase;
			buildActionMask = 2147483647;
			files = (
			);
			runOnlyForDeploymentPostprocessing = 0;
		};
		28926AA31A52422A0017345D /* Frameworks */ = {
			isa = PBXFrameworksBuildPhase;
			buildActionMask = 2147483647;
			files = (
			);
			runOnlyForDeploymentPostprocessing = 0;
		};
/* End PBXFrameworksBuildPhase section */

/* Begin PBXGroup section */
		28926A841A52422A0017345D = {
			isa = PBXGroup;
			children = (
				28926A8F1A52422A0017345D /* SlideMenu */,
				28926AA91A52422A0017345D /* SlideMenuTests */,
				28926A8E1A52422A0017345D /* Products */,
			);
			sourceTree = "<group>";
		};
		28926A8E1A52422A0017345D /* Products */ = {
			isa = PBXGroup;
			children = (
				28926A8D1A52422A0017345D /* SlideMenu.app */,
				28926AA61A52422A0017345D /* SlideMenuTests.xctest */,
			);
			name = Products;
			sourceTree = "<group>";
		};
		28926A8F1A52422A0017345D /* SlideMenu */ = {
			isa = PBXGroup;
			children = (
				28926A941A52422A0017345D /* AppDelegate.h */,
				28926A951A52422A0017345D /* AppDelegate.m */,
				28926A971A52422A0017345D /* ViewController.h */,
				28926A981A52422A0017345D /* ViewController.m */,
				28926A9D1A52422A0017345D /* Images.xcassets */,
				28926A901A52422A0017345D /* Supporting Files */,
			);
			path = SlideMenu;
			sourceTree = "<group>";
		};
		28926A901A52422A0017345D /* Supporting Files */ = {
			isa = PBXGroup;
			children = (
				28926A911A52422A0017345D /* Info.plist */,
				28926A921A52422A0017345D /* main.m */,
			);
			name = "Supporting Files";
			sourceTree = "<group>";
		};
		28926AA91A52422A0017345D /* SlideMenuTests */ = {
			isa = PBXGroup;
			children = (
				28926AAC1A52422A0017345D /* SlideMenuTests.m */,
				28926AAA1A52422A0017345D /* Supporting Files */,
			);
			path = SlideMenuTests;
			sourceTree = "<group>";
		};
		28926AAA1A52422A0017345D /* Supporting Files */ = {
			isa = PBXGroup;
			children = (
				28926AAB1A52422A0017345D /* Info.plist */,
			);
			name = "Supporting Files";
			sourceTree = "<group>";
		};
/* End PBXGroup section */

/* Begin PBXNativeTarget section */
		28926A8C1A52422A0017345D /* SlideMenu */ = {
			isa = PBXNativeTarget;
			buildConfigurationList = 28926AB01A52422A0017345D /* Build configuration list for PBXNativeTarget "SlideMenu" */;
			buildPhases = (
				28926A891A52422A0017345D /* Sources */,
				28926A8A1A52422A0017345D /* Frameworks */,
				28926A8B1A52422A0017345D /* Resources */,
			);
			buildRules = (
			);
			dependencies = (
			);
			name = SlideMenu;
			productName = SlideMenu;
			productReference = 28926A8D1A52422A0017345D /* SlideMenu.app */;
			productType = "com.apple.product-type.application";
		};
		28926AA51A52422A0017345D /* SlideMenuTests */ = {
			isa = PBXNativeTarget;
			buildConfigurationList = 28926AB31A52422A0017345D /* Build configuration list for PBXNativeTarget "SlideMenuTests" */;
			buildPhases = (
				28926AA21A52422A0017345D /* Sources */,
				28926AA31A52422A0017345D /* Frameworks */,
				28926AA41A52422A0017345D /* Resources */,
			);
			buildRules = (
			);
			dependencies = (
				28926AA81A52422A0017345D /* PBXTargetDependency */,
			);
			name = SlideMenuTests;
			productName = SlideMenuTests;
			productReference = 28926AA61A52422A0017345D /* SlideMenuTests.xctest */;
			productType = "com.apple.product-type.bundle.unit-test";
		};
/* End PBXNativeTarget section */

/* Begin PBXProject section */
		28926A851A52422A0017345D /* Project object */ = {
			isa = PBXProject;
			attributes = {
				LastUpgradeCheck = 0610;
				ORGANIZATIONNAME = jp.co.enterAsia;
				TargetAttributes = {
					28926A8C1A52422A0017345D = {
						CreatedOnToolsVersion = 6.1.1;
					};
					28926AA51A52422A0017345D = {
						CreatedOnToolsVersion = 6.1.1;
						TestTargetID = 28926A8C1A52422A0017345D;
					};
				};
			};
			buildConfigurationList = 28926A881A52422A0017345D /* Build configuration list for PBXProject "SlideMenu" */;
			compatibilityVersion = "Xcode 3.2";
			developmentRegion = English;
			hasScannedForEncodings = 0;
			knownRegions = (
				en,
				Base,
			);
			mainGroup = 28926A841A52422A0017345D;
			productRefGroup = 28926A8E1A52422A0017345D /* Products */;
			projectDirPath = "";
			projectRoot = "";
			targets = (
				28926A8C1A52422A0017345D /* SlideMenu */,
				28926AA51A52422A0017345D /* SlideMenuTests */,
			);
		};
/* End PBXProject section */

/* Begin PBXResourcesBuildPhase section */
		28926A8B1A52422A0017345D /* Resources */ = {
			isa = PBXResourcesBuildPhase;
			buildActionMask = 2147483647;
			files = (
				28926A9E1A52422A0017345D /* Images.xcassets in Resources */,
			);
			runOnlyForDeploymentPostprocessing = 0;
		};
		28926AA41A52422A0017345D /* Resources */ = {
			isa = PBXResourcesBuildPhase;
			buildActionMask = 2147483647;
			files = (
			);
			runOnlyForDeploymentPostprocessing = 0;
		};
/* End PBXResourcesBuildPhase section */

/* Begin PBXSourcesBuildPhase section */
		28926A891A52422A0017345D /* Sources */ = {
			isa = PBXSourcesBuildPhase;
			buildActionMask = 2147483647;
			files = (
				28926A991A52422A0017345D /* ViewController.m in Sources */,
				28926A961A52422A0017345D /* AppDelegate.m in Sources */,
				28926A931A52422A0017345D /* main.m in Sources */,
			);
			runOnlyForDeploymentPostprocessing = 0;
		};
		28926AA21A52422A0017345D /* Sources */ = {
			isa = PBXSourcesBuildPhase;
			buildActionMask = 2147483647;
			files = (
				28926AAD1A52422A0017345D /* SlideMenuTests.m in Sources */,
			);
			runOnlyForDeploymentPostprocessing = 0;
		};
/* End PBXSourcesBuildPhase section */

/* Begin PBXTargetDependency section */
		28926AA81A52422A0017345D /* PBXTargetDependency */ = {
			isa = PBXTargetDependency;
			target = 28926A8C1A52422A0017345D /* SlideMenu */;
			targetProxy = 28926AA71A52422A0017345D /* PBXContainerItemProxy */;
		};
/* End PBXTargetDependency section */

/* Begin XCBuildConfiguration section */
		28926AAE1A52422A0017345D /* Debug */ = {
			isa = XCBuildConfiguration;
			buildSettings = {
				ALWAYS_SEARCH_USER_PATHS = NO;
				CLANG_CXX_LANGUAGE_STANDARD = "gnu++0x";
				CLANG_CXX_LIBRARY = "libc++";
				CLANG_ENABLE_MODULES = YES;
				CLANG_ENABLE_OBJC_ARC = YES;
				CLANG_WARN_BOOL_CONVERSION = YES;
				CLANG_WARN_CONSTANT_CONVERSION = YES;
				CLANG_WARN_DIRECT_OBJC_ISA_USAGE = YES_ERROR;
				CLANG_WARN_EMPTY_BODY = YES;
				CLANG_WARN_ENUM_CONVERSION = YES;
				CLANG_WARN_INT_CONVERSION = YES;
				CLANG_WARN_OBJC_ROOT_CLASS = YES_ERROR;
				CLANG_WARN_UNREACHABLE_CODE = YES;
				CLANG_WARN__DUPLICATE_METHOD_MATCH = YES;
				"CODE_SIGN_IDENTITY[sdk=iphoneos*]" = "iPhone Developer";
				COPY_PHASE_STRIP = NO;
				ENABLE_STRICT_OBJC_MSGSEND = YES;
				GCC_C_LANGUAGE_STANDARD = gnu99;
				GCC_DYNAMIC_NO_PIC = NO;
				GCC_OPTIMIZATION_LEVEL = 0;
				GCC_PREPROCESSOR_DEFINITIONS = (
					"DEBUG=1",
					"$(inherited)",
				);
				GCC_SYMBOLS_PRIVATE_EXTERN = NO;
				GCC_WARN_64_TO_32_BIT_CONVERSION = YES;
				GCC_WARN_ABOUT_RETURN_TYPE = YES_ERROR;
				GCC_WARN_UNDECLARED_SELECTOR = YES;
				GCC_WARN_UNINITIALIZED_AUTOS = YES_AGGRESSIVE;
				GCC_WARN_UNUSED_FUNCTION = YES;
				GCC_WARN_UNUSED_VARIABLE = YES;
				IPHONEOS_DEPLOYMENT_TARGET = 8.1;
				MTL_ENABLE_DEBUG_INFO = YES;
				ONLY_ACTIVE_ARCH = YES;
				SDKROOT = iphoneos;
			};
			name = Debug;
		};
		28926AAF1A52422A0017345D /* Release */ = {
			isa = XCBuildConfiguration;
			buildSettings = {
				ALWAYS_SEARCH_USER_PATHS = NO;
				CLANG_CXX_LANGUAGE_STANDARD = "gnu++0x";
				CLANG_CXX_LIBRARY = "libc++";
				CLANG_ENABLE_MODULES = YES;
				CLANG_ENABLE_OBJC_ARC = YES;
				CLANG_WARN_BOOL_CONVERSION = YES;
				CLANG_WARN_CONSTANT_CONVERSION = YES;
				CLANG_WARN_DIRECT_OBJC_ISA_USAGE = YES_ERROR;
				CLANG_WARN_EMPTY_BODY = YES;
				CLANG_WARN_ENUM_CONVERSION = YES;
				CLANG_WARN_INT_CONVERSION = YES;
				CLANG_WARN_OBJC_ROOT_CLASS = YES_ERROR;
				CLANG_WARN_UNREACHABLE_CODE = YES;
				CLANG_WARN__DUPLICATE_METHOD_MATCH = YES;
				"CODE_SIGN_IDENTITY[sdk=iphoneos*]" = "iPhone Developer";
				COPY_PHASE_STRIP = YES;
				ENABLE_NS_ASSERTIONS = NO;
				ENABLE_STRICT_OBJC_MSGSEND = YES;
				GCC_C_LANGUAGE_STANDARD = gnu99;
				GCC_WARN_64_TO_32_BIT_CONVERSION = YES;
				GCC_WARN_ABOUT_RETURN_TYPE = YES_ERROR;
				GCC_WARN_UNDECLARED_SELECTOR = YES;
				GCC_WARN_UNINITIALIZED_AUTOS = YES_AGGRESSIVE;
				GCC_WARN_UNUSED_FUNCTION = YES;
				GCC_WARN_UNUSED_VARIABLE = YES;
				IPHONEOS_DEPLOYMENT_TARGET = 8.1;
				MTL_ENABLE_DEBUG_INFO = NO;
				SDKROOT = iphoneos;
				VALIDATE_PRODUCT = YES;
			};
			name = Release;
		};
		28926AB11A52422A0017345D /* Debug */ = {
			isa = XCBuildConfiguration;
			buildSettings = {
				ASSETCATALOG_COMPILER_APPICON_NAME = AppIcon;
				INFOPLIST_FILE = SlideMenu/Info.plist;
				IPHONEOS_DEPLOYMENT_TARGET = 7.1;
				LD_RUNPATH_SEARCH_PATHS = "$(inherited) @executable_path/Frameworks";
				PRODUCT_NAME = "$(TARGET_NAME)";
			};
			name = Debug;
		};
		28926AB21A52422A0017345D /* Release */ = {
			isa = XCBuildConfiguration;
			buildSettings = {
				ASSETCATALOG_COMPILER_APPICON_NAME = AppIcon;
				INFOPLIST_FILE = SlideMenu/Info.plist;
				IPHONEOS_DEPLOYMENT_TARGET = 7.1;
				LD_RUNPATH_SEARCH_PATHS = "$(inherited) @executable_path/Frameworks";
				PRODUCT_NAME = "$(TARGET_NAME)";
			};
			name = Release;
		};
		28926AB41A52422A0017345D /* Debug */ = {
			isa = XCBuildConfiguration;
			buildSettings = {
				BUNDLE_LOADER = "$(TEST_HOST)";
				FRAMEWORK_SEARCH_PATHS = (
					"$(SDKROOT)/Developer/Library/Frameworks",
					"$(inherited)",
				);
				GCC_PREPROCESSOR_DEFINITIONS = (
					"DEBUG=1",
					"$(inherited)",
				);
				INFOPLIST_FILE = SlideMenuTests/Info.plist;
				LD_RUNPATH_SEARCH_PATHS = "$(inherited) @executable_path/Frameworks @loader_path/Frameworks";
				PRODUCT_NAME = "$(TARGET_NAME)";
				TEST_HOST = "$(BUILT_PRODUCTS_DIR)/SlideMenu.app/SlideMenu";
			};
			name = Debug;
		};
		28926AB51A52422A0017345D /* Release */ = {
			isa = XCBuildConfiguration;
			buildSettings = {
				BUNDLE_LOADER = "$(TEST_HOST)";
				FRAMEWORK_SEARCH_PATHS = (
					"$(SDKROOT)/Developer/Library/Frameworks",
					"$(inherited)",
				);
				INFOPLIST_FILE = SlideMenuTests/Info.plist;
				LD_RUNPATH_SEARCH_PATHS = "$(inherited) @executable_path/Frameworks @loader_path/Frameworks";
				PRODUCT_NAME = "$(TARGET_NAME)";
				TEST_HOST = "$(BUILT_PRODUCTS_DIR)/SlideMenu.app/SlideMenu";
			};
			name = Release;
		};
/* End XCBuildConfiguration section */

/* Begin XCConfigurationList section */
		28926A881A52422A0017345D /* Build configuration list for PBXProject "SlideMenu" */ = {
			isa = XCConfigurationList;
			buildConfigurations = (
				28926AAE1A52422A0017345D /* Debug */,
				28926AAF1A52422A0017345D /* Release */,
			);
			defaultConfigurationIsVisible = 0;
			defaultConfigurationName = Release;
		};
		28926AB01A52422A0017345D /* Build configuration list for PBXNativeTarget "SlideMenu" */ = {
			isa = XCConfigurationList;
			buildConfigurations = (
				28926AB11A52422A0017345D /* Debug */,
				28926AB21A52422A0017345D /* Release */,
			);
			defaultConfigurationIsVisible = 0;
		};
		28926AB31A52422A0017345D /* Build configuration list for PBXNativeTarget "SlideMenuTests" */ = {
			isa = XCConfigurationList;
			buildConfigurations = (
				28926AB41A52422A0017345D /* Debug */,
				28926AB51A52422A0017345D /* Release */,
			);
			defaultConfigurationIsVisible = 0;
		};
/* End XCConfigurationList section */
	};
	rootObject = 28926A851A52422A0017345D /* Project object */;
}
